Microsoft Visual Studio Solution File, Format Version 12.00
# Visual Studio Version 17
VisualStudioVersion = 17.0.31912.275
MinimumVisualStudioVersion = 10.0.40219.1

Project("{FAE04EC0-301F-11D3-BF4B-00C04F79EFBC}") = "JT808.Protocol", "JT808-master\\src\\JT808.Protocol\\JT808.Protocol.csproj", "{B1111111-AAAA-4444-8888-111111111111}"
EndProject
Project("{FAE04EC0-301F-11D3-BF4B-00C04F79EFBC}") = "JT808.Protocol.Extensions.JT1078", "JT808-master\\src\\JT808.Protocol.Extensions\\JT808.Protocol.Extensions.JT1078\\JT808.Protocol.Extensions.JT1078.csproj", "{B2222222-BBBB-4444-8888-222222222222}"
EndProject
Project("{FAE04EC0-301F-11D3-BF4B-00C04F79EFBC}") = "JT808.Gateway", "JT808Gateway-master\\src\\JT808.Gateway\\JT808.Gateway.csproj", "{B3333333-CCCC-4444-8888-333333333333}"
EndProject
Project("{FAE04EC0-301F-11D3-BF4B-00C04F79EFBC}") = "JT808.Gateway.SimpleServer", "JT808Gateway-master\\simples\\JT808.Gateway.SimpleServer\\JT808.Gateway.SimpleServer.csproj", "{B4444444-DDDD-4444-8888-444444444444}"
EndProject

Global
	GlobalSection(SolutionConfigurationPlatforms) = preSolution
		Debug|Any CPU = Debug|Any CPU
		Release|Any CPU = Release|Any CPU
	EndGlobalSection
	GlobalSection(ProjectConfigurationPlatforms) = postSolution
		{B1111111-AAAA-4444-8888-111111111111}.Debug|Any CPU.ActiveCfg = Debug|Any CPU
		{B1111111-AAAA-4444-8888-111111111111}.Debug|Any CPU.Build.0 = Debug|Any CPU
		{B1111111-AAAA-4444-8888-111111111111}.Release|Any CPU.ActiveCfg = Release|Any CPU
		{B1111111-AAAA-4444-8888-111111111111}.Release|Any CPU.Build.0 = Release|Any CPU

		{B2222222-BBBB-4444-8888-222222222222}.Debug|Any CPU.ActiveCfg = Debug|Any CPU
		{B2222222-BBBB-4444-8888-222222222222}.Debug|Any CPU.Build.0 = Debug|Any CPU
		{B2222222-BBBB-4444-8888-222222222222}.Release|Any CPU.ActiveCfg = Release|Any CPU
		{B2222222-BBBB-4444-8888-222222222222}.Release|Any CPU.Build.0 = Release|Any CPU

		{B3333333-CCCC-4444-8888-333333333333}.Debug|Any CPU.ActiveCfg = Debug|Any CPU
		{B3333333-CCCC-4444-8888-333333333333}.Debug|Any CPU.Build.0 = Debug|Any CPU
		{B3333333-CCCC-4444-8888-333333333333}.Release|Any CPU.ActiveCfg = Release|Any CPU
		{B3333333-CCCC-4444-8888-333333333333}.Release|Any CPU.Build.0 = Release|Any CPU

		{B4444444-DDDD-4444-8888-444444444444}.Debug|Any CPU.ActiveCfg = Debug|Any CPU
		{B4444444-DDDD-4444-8888-444444444444}.Debug|Any CPU.Build.0 = Debug|Any CPU
		{B4444444-DDDD-4444-8888-444444444444}.Release|Any CPU.ActiveCfg = Release|Any CPU
		{B4444444-DDDD-4444-8888-444444444444}.Release|Any CPU.Build.0 = Release|Any CPU
	EndGlobalSection
EndGlobal
